<?xml version="1.0" encoding="UTF-8" standalone="yes" ?>
<CodeBlocks_project_file>
	<FileVersion major="1" minor="6" />
	<Project>
		<Option title="Marching Cubes" />
		<Option pch_mode="2" />
		<Option compiler="gcc" />
		<Build>
			<Target title="Debug">
				<Option output="bin/Debug/Marching Cubes" prefix_auto="1" extension_auto="1" />
				<Option object_output="obj/Debug/" />
				<Option type="1" />
				<Option compiler="gcc" />
				<Compiler>
					<Add option="-g" />
					<Add directory="include" />
					<Add directory="src/Engine" />
					<Add directory="src/Geometry" />
					<Add directory="src/SDF" />
				</Compiler>
			</Target>
			<Target title="Release">
				<Option output="bin/Release/Marching Cubes" prefix_auto="1" extension_auto="1" />
				<Option object_output="obj/Release/" />
				<Option type="1" />
				<Option compiler="gcc" />
				<Compiler>
					<Add option="-O2" />
					<Add directory="include" />
					<Add directory="src/Engine" />
					<Add directory="src/Geometry" />
					<Add directory="src/SDF" />
				</Compiler>
				<Linker>
					<Add option="-s" />
				</Linker>
			</Target>
		</Build>
		<Compiler>
			<Add option="-Wall" />
			<Add directory="../../Libraries/include" />
			<Add directory="src" />
		</Compiler>
		<Linker>
			<Add library="../../Libraries/lib/libglfw3.a" />
			<Add library="../../Libraries/lib/glew32s.lib" />
			<Add library="C:/MinGW/lib/libopengl32.a" />
			<Add library="C:/MinGW/lib/libglu32.a" />
			<Add library="C:/MinGW/lib/libgdi32.a" />
			<Add directory="../../Libraries/lib" />
		</Linker>
		<Unit filename="Shaders/Compute/common.txt" />
		<Unit filename="Shaders/Compute/march1.txt" />
		<Unit filename="Shaders/Compute/march2.txt" />
		<Unit filename="Shaders/Compute/march3.txt" />
		<Unit filename="Shaders/Compute/shadertop.txt" />
		<Unit filename="Shaders/frag.txt" />
		<Unit filename="Shaders/vert.txt" />
		<Unit filename="main.cpp" />
		<Unit filename="src/Engine/Camera.cpp" />
		<Unit filename="src/Engine/Camera.h" />
		<Unit filename="src/Engine/Shader.cpp" />
		<Unit filename="src/Engine/Shader.h" />
		<Unit filename="src/Engine/Window.cpp" />
		<Unit filename="src/Engine/Window.h" />
		<Unit filename="src/GL_headers.h" />
		<Unit filename="src/Geometry/CPUMarchingCubesGenerator.cpp" />
		<Unit filename="src/Geometry/CPUMarchingCubesGenerator.h" />
		<Unit filename="src/Geometry/CubeGeometryGenerator.cpp" />
		<Unit filename="src/Geometry/CubeGeometryGenerator.h" />
		<Unit filename="src/Geometry/GPUMarchingCubesGenerator.cpp" />
		<Unit filename="src/Geometry/GPUMarchingCubesGenerator.h" />
		<Unit filename="src/Geometry/Geometry.h" />
		<Unit filename="src/Geometry/GeometryGenerator.cpp" />
		<Unit filename="src/Geometry/GeometryGenerator.h" />
		<Unit filename="src/Geometry/MarchingChunk.cpp" />
		<Unit filename="src/Geometry/MarchingChunk.h" />
		<Unit filename="src/SDF/SDF.cpp" />
		<Unit filename="src/SDF/SDF.h" />
		<Unit filename="src/SDF/Sphere.cpp" />
		<Unit filename="src/SDF/Sphere.h" />
		<Extensions />
	</Project>
</CodeBlocks_project_file>
